
Microsoft Visual Studio Solution File, Format Version 12.00
# Visual Studio Version 17
VisualStudioVersion = 17.7.34221.43
MinimumVisualStudioVersion = 10.0.40219.1
Project("{9A19103F-16F7-4668-BE54-9A1E7A4F7556}") = "myfinance-web-netcore", "myfinance-web-netcore.csproj", "{D6346245-6A37-40E6-9BE9-1941061052D2}"
EndProject
Global
	GlobalSection(SolutionConfigurationPlatforms) = preSolution
		Debug|Any CPU = Debug|Any CPU
		Release|Any CPU = Release|Any CPU
	EndGlobalSection
	GlobalSection(ProjectConfigurationPlatforms) = postSolution
		{D6346245-6A37-40E6-9BE9-1941061052D2}.Debug|Any CPU.ActiveCfg = Debug|Any CPU
		{D6346245-6A37-40E6-9BE9-1941061052D2}.Debug|Any CPU.Build.0 = Debug|Any CPU
		{D6346245-6A37-40E6-9BE9-1941061052D2}.Release|Any CPU.ActiveCfg = Release|Any CPU
		{D6346245-6A37-40E6-9BE9-1941061052D2}.Release|Any CPU.Build.0 = Release|Any CPU
	EndGlobalSection
	GlobalSection(SolutionProperties) = preSolution
		HideSolutionNode = FALSE
	EndGlobalSection
	GlobalSection(ExtensibilityGlobals) = postSolution
		SolutionGuid = {C778DAA1-8AE6-402E-9196-8ECE5B5688BC}
	EndGlobalSection
EndGlobal
